{
  "name": "jwt-signer",
  "version": "1.0.0",
  "lockfileVersion": 1,
  "requires": true,
  "dependencies": {
    "apollo-server": {
      "version": "2.12.0",
      "requires": {
        "apollo-server-core": "^2.12.0",
        "apollo-server-express": "^2.12.0",
        "express": "^4.0.0",
        "graphql-subscriptions": "^1.0.0",
        "graphql-tools": "^4.0.0"
      },
      "dependencies": {
        "@apollo/protobufjs": {
          "version": "1.0.5",
          "bundled": true,
          "requires": {
            "@protobufjs/aspromise": "^1.1.2",
            "@protobufjs/base64": "^1.1.2",
            "@protobufjs/codegen": "^2.0.4",
            "@protobufjs/eventemitter": "^1.1.0",
            "@protobufjs/fetch": "^1.1.0",
            "@protobufjs/float": "^1.0.2",
            "@protobufjs/inquire": "^1.1.0",
            "@protobufjs/path": "^1.1.2",
            "@protobufjs/pool": "^1.1.0",
            "@protobufjs/utf8": "^1.1.0",
            "@types/long": "^4.0.0",
            "@types/node": "^10.1.0",
            "long": "^4.0.0"
          },
          "dependencies": {
            "@types/node": {
              "version": "10.17.49",
              "bundled": true
            }
          }
        },
        "@apollographql/apollo-tools": {
          "version": "0.4.8",
          "bundled": true,
          "requires": {
            "apollo-env": "^0.6.5"
          }
        },
        "@apollographql/graphql-playground-html": {
          "version": "1.6.26",
          "bundled": true,
          "requires": {
            "xss": "^1.0.6"
          }
        },
        "@protobufjs/aspromise": {
          "version": "1.1.2",
          "bundled": true
        },
        "@protobufjs/base64": {
          "version": "1.1.2",
          "bundled": true
        },
        "@protobufjs/codegen": {
          "version": "2.0.4",
          "bundled": true
        },
        "@protobufjs/eventemitter": {
          "version": "1.1.0",
          "bundled": true
        },
        "@protobufjs/fetch": {
          "version": "1.1.0",
          "bundled": true,
          "requires": {
            "@protobufjs/aspromise": "^1.1.1",
            "@protobufjs/inquire": "^1.1.0"
          }
        },
        "@protobufjs/float": {
          "version": "1.0.2",
          "bundled": true
        },
        "@protobufjs/inquire": {
          "version": "1.1.0",
          "bundled": true
        },
        "@protobufjs/path": {
          "version": "1.1.2",
          "bundled": true
        },
        "@protobufjs/pool": {
          "version": "1.1.0",
          "bundled": true
        },
        "@protobufjs/utf8": {
          "version": "1.1.0",
          "bundled": true
        },
        "@types/accepts": {
          "version": "1.3.5",
          "bundled": true,
          "requires": {
            "@types/node": "*"
          }
        },
        "@types/body-parser": {
          "version": "1.19.0",
          "bundled": true,
          "requires": {
            "@types/connect": "*",
            "@types/node": "*"
          }
        },
        "@types/connect": {
          "version": "3.4.34",
          "bundled": true,
          "requires": {
            "@types/node": "*"
          }
        },
        "@types/content-disposition": {
          "version": "0.5.3",
          "bundled": true
        },
        "@types/cookies": {
          "version": "0.7.5",
          "bundled": true,
          "requires": {
            "@types/connect": "*",
            "@types/express": "*",
            "@types/keygrip": "*",
            "@types/node": "*"
          }
        },
        "@types/cors": {
          "version": "2.8.8",
          "bundled": true,
          "requires": {
            "@types/express": "*"
          }
        },
        "@types/express": {
          "version": "4.17.9",
          "bundled": true,
          "requires": {
            "@types/body-parser": "*",
            "@types/express-serve-static-core": "*",
            "@types/qs": "*",
            "@types/serve-static": "*"
          }
        },
        "@types/express-serve-static-core": {
          "version": "4.17.17",
          "bundled": true,
          "requires": {
            "@types/node": "*",
            "@types/qs": "*",
            "@types/range-parser": "*"
          }
        },
        "@types/fs-capacitor": {
          "version": "2.0.0",
          "bundled": true,
          "requires": {
            "@types/node": "*"
          }
        },
        "@types/graphql-upload": {
          "version": "8.0.4",
          "bundled": true,
          "requires": {
            "@types/express": "*",
            "@types/fs-capacitor": "*",
            "@types/koa": "*",
            "graphql": "^15.3.0"
          }
        },
        "@types/http-assert": {
          "version": "1.5.1",
          "bundled": true
        },
        "@types/http-errors": {
          "version": "1.8.0",
          "bundled": true
        },
        "@types/keygrip": {
          "version": "1.0.2",
          "bundled": true
        },
        "@types/koa": {
          "version": "2.11.6",
          "bundled": true,
          "requires": {
            "@types/accepts": "*",
            "@types/content-disposition": "*",
            "@types/cookies": "*",
            "@types/http-assert": "*",
            "@types/http-errors": "*",
            "@types/keygrip": "*",
            "@types/koa-compose": "*",
            "@types/node": "*"
          }
        },
        "@types/koa-compose": {
          "version": "3.2.5",
          "bundled": true,
          "requires": {
            "@types/koa": "*"
          }
        },
        "@types/long": {
          "version": "4.0.1",
          "bundled": true
        },
        "@types/mime": {
          "version": "2.0.3",
          "bundled": true
        },
        "@types/node": {
          "version": "14.14.14",
          "bundled": true
        },
        "@types/node-fetch": {
          "version": "2.5.7",
          "bundled": true,
          "requires": {
            "@types/node": "*",
            "form-data": "^3.0.0"
          }
        },
        "@types/qs": {
          "version": "6.9.5",
          "bundled": true
        },
        "@types/range-parser": {
          "version": "1.2.3",
          "bundled": true
        },
        "@types/serve-static": {
          "version": "1.13.8",
          "bundled": true,
          "requires": {
            "@types/mime": "*",
            "@types/node": "*"
          }
        },
        "@types/ws": {
          "version": "7.4.0",
          "bundled": true,
          "requires": {
            "@types/node": "*"
          }
        },
        "@wry/equality": {
          "version": "0.1.11",
          "bundled": true,
          "requires": {
            "tslib": "^1.9.3"
          }
        },
        "accepts": {
          "version": "1.3.7",
          "bundled": true,
          "requires": {
            "mime-types": "~2.1.24",
            "negotiator": "0.6.2"
          }
        },
        "apollo-cache-control": {
          "version": "0.11.4",
          "bundled": true,
          "requires": {
            "apollo-server-env": "^2.4.5",
            "apollo-server-plugin-base": "^0.10.2"
          }
        },
        "apollo-datasource": {
          "version": "0.7.2",
          "bundled": true,
          "requires": {
            "apollo-server-caching": "^0.5.2",
            "apollo-server-env": "^2.4.5"
          }
        },
        "apollo-env": {
          "version": "0.6.5",
          "bundled": true,
          "requires": {
            "@types/node-fetch": "2.5.7",
            "core-js": "^3.0.1",
            "node-fetch": "^2.2.0",
            "sha.js": "^2.4.11"
          }
        },
        "apollo-graphql": {
          "version": "0.6.0",
          "bundled": true,
          "requires": {
            "apollo-env": "^0.6.5",
            "lodash.sortby": "^4.7.0"
          }
        },
        "apollo-link": {
          "version": "1.2.14",
          "bundled": true,
          "requires": {
            "apollo-utilities": "^1.3.0",
            "ts-invariant": "^0.4.0",
            "tslib": "^1.9.3",
            "zen-observable-ts": "^0.8.21"
          }
        },
        "apollo-reporting-protobuf": {
          "version": "0.6.1",
          "bundled": true,
          "requires": {
            "@apollo/protobufjs": "^1.0.3"
          }
        },
        "apollo-server-caching": {
          "version": "0.5.2",
          "bundled": true,
          "requires": {
            "lru-cache": "^5.0.0"
          }
        },
        "apollo-server-core": {
          "version": "2.19.0",
          "bundled": true,
          "requires": {
            "@apollographql/apollo-tools": "^0.4.3",
            "@apollographql/graphql-playground-html": "1.6.26",
            "@types/graphql-upload": "^8.0.0",
            "@types/ws": "^7.0.0",
            "apollo-cache-control": "^0.11.4",
            "apollo-datasource": "^0.7.2",
            "apollo-graphql": "^0.6.0",
            "apollo-reporting-protobuf": "^0.6.1",
            "apollo-server-caching": "^0.5.2",
            "apollo-server-env": "^2.4.5",
            "apollo-server-errors": "^2.4.2",
            "apollo-server-plugin-base": "^0.10.2",
            "apollo-server-types": "^0.6.1",
            "apollo-tracing": "^0.12.0",
            "async-retry": "^1.2.1",
            "fast-json-stable-stringify": "^2.0.0",
            "graphql-extensions": "^0.12.6",
            "graphql-tag": "^2.9.2",
            "graphql-tools": "^4.0.0",
            "graphql-upload": "^8.0.2",
            "loglevel": "^1.6.7",
            "lru-cache": "^5.0.0",
            "sha.js": "^2.4.11",
            "subscriptions-transport-ws": "^0.9.11",
            "uuid": "^8.0.0",
            "ws": "^6.0.0"
          }
        },
        "apollo-server-env": {
          "version": "2.4.5",
          "bundled": true,
          "requires": {
            "node-fetch": "^2.1.2",
            "util.promisify": "^1.0.0"
          }
        },
        "apollo-server-errors": {
          "version": "2.4.2",
          "bundled": true
        },
        "apollo-server-express": {
          "version": "2.19.0",
          "bundled": true,
          "requires": {
            "@apollographql/graphql-playground-html": "1.6.26",
            "@types/accepts": "^1.3.5",
            "@types/body-parser": "1.19.0",
            "@types/cors": "2.8.8",
            "@types/express": "4.17.7",
            "@types/express-serve-static-core": "4.17.13",
            "accepts": "^1.3.5",
            "apollo-server-core": "^2.19.0",
            "apollo-server-types": "^0.6.1",
            "body-parser": "^1.18.3",
            "cors": "^2.8.4",
            "express": "^4.17.1",
            "graphql-subscriptions": "^1.0.0",
            "graphql-tools": "^4.0.0",
            "parseurl": "^1.3.2",
            "subscriptions-transport-ws": "^0.9.16",
            "type-is": "^1.6.16"
          },
          "dependencies": {
            "@types/express": {
              "version": "4.17.7",
              "bundled": true,
              "requires": {
                "@types/body-parser": "*",
                "@types/express-serve-static-core": "*",
                "@types/qs": "*",
                "@types/serve-static": "*"
              }
            },
            "@types/express-serve-static-core": {
              "version": "4.17.13",
              "bundled": true,
              "requires": {
                "@types/node": "*",
                "@types/qs": "*",
                "@types/range-parser": "*"
              }
            }
          }
        },
        "apollo-server-plugin-base": {
          "version": "0.10.2",
          "bundled": true,
          "requires": {
            "apollo-server-types": "^0.6.1"
          }
        },
        "apollo-server-types": {
          "version": "0.6.1",
          "bundled": true,
          "requires": {
            "apollo-reporting-protobuf": "^0.6.1",
            "apollo-server-caching": "^0.5.2",
            "apollo-server-env": "^2.4.5"
          }
        },
        "apollo-tracing": {
          "version": "0.12.0",
          "bundled": true,
          "requires": {
            "apollo-server-env": "^2.4.5",
            "apollo-server-plugin-base": "^0.10.2"
          }
        },
        "apollo-utilities": {
          "version": "1.3.4",
          "bundled": true,
          "requires": {
            "@wry/equality": "^0.1.2",
            "fast-json-stable-stringify": "^2.0.0",
            "ts-invariant": "^0.4.0",
            "tslib": "^1.10.0"
          }
        },
        "array-flatten": {
          "version": "1.1.1",
          "bundled": true
        },
        "async-limiter": {
          "version": "1.0.1",
          "bundled": true
        },
        "async-retry": {
          "version": "1.3.1",
          "bundled": true,
          "requires": {
            "retry": "0.12.0"
          }
        },
        "asynckit": {
          "version": "0.4.0",
          "bundled": true
        },
        "backo2": {
          "version": "1.0.2",
          "bundled": true
        },
        "body-parser": {
          "version": "1.19.0",
          "bundled": true,
          "requires": {
            "bytes": "3.1.0",
            "content-type": "~1.0.4",
            "debug": "2.6.9",
            "depd": "~1.1.2",
            "http-errors": "1.7.2",
            "iconv-lite": "0.4.24",
            "on-finished": "~2.3.0",
            "qs": "6.7.0",
            "raw-body": "2.4.0",
            "type-is": "~1.6.17"
          },
          "dependencies": {
            "http-errors": {
              "version": "1.7.2",
              "bundled": true,
              "requires": {
                "depd": "~1.1.2",
                "inherits": "2.0.3",
                "setprototypeof": "1.1.1",
                "statuses": ">= 1.5.0 < 2",
                "toidentifier": "1.0.0"
              }
            },
            "inherits": {
              "version": "2.0.3",
              "bundled": true
            },
            "setprototypeof": {
              "version": "1.1.1",
              "bundled": true
            }
          }
        },
        "busboy": {
          "version": "0.3.1",
          "bundled": true,
          "requires": {
            "dicer": "0.3.0"
          }
        },
        "bytes": {
          "version": "3.1.0",
          "bundled": true
        },
        "call-bind": {
          "version": "1.0.0",
          "bundled": true,
          "requires": {
            "function-bind": "^1.1.1",
            "get-intrinsic": "^1.0.0"
          }
        },
        "combined-stream": {
          "version": "1.0.8",
          "bundled": true,
          "requires": {
            "delayed-stream": "~1.0.0"
          }
        },
        "commander": {
          "version": "2.20.3",
          "bundled": true
        },
        "content-disposition": {
          "version": "0.5.3",
          "bundled": true,
          "requires": {
            "safe-buffer": "5.1.2"
          },
          "dependencies": {
            "safe-buffer": {
              "version": "5.1.2",
              "bundled": true
            }
          }
        },
        "content-type": {
          "version": "1.0.4",
          "bundled": true
        },
        "cookie": {
          "version": "0.4.0",
          "bundled": true
        },
        "cookie-signature": {
          "version": "1.0.6",
          "bundled": true
        },
        "core-js": {
          "version": "3.8.1",
          "bundled": true
        },
        "cors": {
          "version": "2.8.5",
          "bundled": true,
          "requires": {
            "object-assign": "^4",
            "vary": "^1"
          }
        },
        "cssfilter": {
          "version": "0.0.10",
          "bundled": true
        },
        "debug": {
          "version": "2.6.9",
          "bundled": true,
          "requires": {
            "ms": "2.0.0"
          }
        },
        "define-properties": {
          "version": "1.1.3",
          "bundled": true,
          "requires": {
            "object-keys": "^1.0.12"
          }
        },
        "delayed-stream": {
          "version": "1.0.0",
          "bundled": true
        },
        "depd": {
          "version": "1.1.2",
          "bundled": true
        },
        "deprecated-decorator": {
          "version": "0.1.6",
          "bundled": true
        },
        "destroy": {
          "version": "1.0.4",
          "bundled": true
        },
        "dicer": {
          "version": "0.3.0",
          "bundled": true,
          "requires": {
            "streamsearch": "0.1.2"
          }
        },
        "ee-first": {
          "version": "1.1.1",
          "bundled": true
        },
        "encodeurl": {
          "version": "1.0.2",
          "bundled": true
        },
        "es-abstract": {
          "version": "1.17.7",
          "bundled": true,
          "requires": {
            "es-to-primitive": "^1.2.1",
            "function-bind": "^1.1.1",
            "has": "^1.0.3",
            "has-symbols": "^1.0.1",
            "is-callable": "^1.2.2",
            "is-regex": "^1.1.1",
            "object-inspect": "^1.8.0",
            "object-keys": "^1.1.1",
            "object.assign": "^4.1.1",
            "string.prototype.trimend": "^1.0.1",
            "string.prototype.trimstart": "^1.0.1"
          }
        },
        "es-to-primitive": {
          "version": "1.2.1",
          "bundled": true,
          "requires": {
            "is-callable": "^1.1.4",
            "is-date-object": "^1.0.1",
            "is-symbol": "^1.0.2"
          }
        },
        "escape-html": {
          "version": "1.0.3",
          "bundled": true
        },
        "etag": {
          "version": "1.8.1",
          "bundled": true
        },
        "eventemitter3": {
          "version": "3.1.2",
          "bundled": true
        },
        "express": {
          "version": "4.17.1",
          "bundled": true,
          "requires": {
            "accepts": "~1.3.7",
            "array-flatten": "1.1.1",
            "body-parser": "1.19.0",
            "content-disposition": "0.5.3",
            "content-type": "~1.0.4",
            "cookie": "0.4.0",
            "cookie-signature": "1.0.6",
            "debug": "2.6.9",
            "depd": "~1.1.2",
            "encodeurl": "~1.0.2",
            "escape-html": "~1.0.3",
            "etag": "~1.8.1",
            "finalhandler": "~1.1.2",
            "fresh": "0.5.2",
            "merge-descriptors": "1.0.1",
            "methods": "~1.1.2",
            "on-finished": "~2.3.0",
            "parseurl": "~1.3.3",
            "path-to-regexp": "0.1.7",
            "proxy-addr": "~2.0.5",
            "qs": "6.7.0",
            "range-parser": "~1.2.1",
            "safe-buffer": "5.1.2",
            "send": "0.17.1",
            "serve-static": "1.14.1",
            "setprototypeof": "1.1.1",
            "statuses": "~1.5.0",
            "type-is": "~1.6.18",
            "utils-merge": "1.0.1",
            "vary": "~1.1.2"
          },
          "dependencies": {
            "safe-buffer": {
              "version": "5.1.2",
              "bundled": true
            },
            "setprototypeof": {
              "version": "1.1.1",
              "bundled": true
            }
          }
        },
        "fast-json-stable-stringify": {
          "version": "2.1.0",
          "bundled": true
        },
        "finalhandler": {
          "version": "1.1.2",
          "bundled": true,
          "requires": {
            "debug": "2.6.9",
            "encodeurl": "~1.0.2",
            "escape-html": "~1.0.3",
            "on-finished": "~2.3.0",
            "parseurl": "~1.3.3",
            "statuses": "~1.5.0",
            "unpipe": "~1.0.0"
          }
        },
        "form-data": {
          "version": "3.0.0",
          "bundled": true,
          "requires": {
            "asynckit": "^0.4.0",
            "combined-stream": "^1.0.8",
            "mime-types": "^2.1.12"
          }
        },
        "forwarded": {
          "version": "0.1.2",
          "bundled": true
        },
        "fresh": {
          "version": "0.5.2",
          "bundled": true
        },
        "fs-capacitor": {
          "version": "2.0.4",
          "bundled": true
        },
        "function-bind": {
          "version": "1.1.1",
          "bundled": true
        },
        "get-intrinsic": {
          "version": "1.0.1",
          "bundled": true,
          "requires": {
            "function-bind": "^1.1.1",
            "has": "^1.0.3",
            "has-symbols": "^1.0.1"
          }
        },
        "graphql": {
          "version": "15.4.0",
          "bundled": true
        },
        "graphql-extensions": {
          "version": "0.12.6",
          "bundled": true,
          "requires": {
            "@apollographql/apollo-tools": "^0.4.3",
            "apollo-server-env": "^2.4.5",
            "apollo-server-types": "^0.6.1"
          }
        },
        "graphql-subscriptions": {
          "version": "1.1.0",
          "bundled": true,
          "requires": {
            "iterall": "^1.2.1"
          }
        },
        "graphql-tag": {
          "version": "2.11.0",
          "bundled": true
        },
        "graphql-tools": {
          "version": "4.0.8",
          "bundled": true,
          "requires": {
            "apollo-link": "^1.2.14",
            "apollo-utilities": "^1.0.1",
            "deprecated-decorator": "^0.1.6",
            "iterall": "^1.1.3",
            "uuid": "^3.1.0"
          },
          "dependencies": {
            "uuid": {
              "version": "3.4.0",
              "bundled": true
            }
          }
        },
        "graphql-upload": {
          "version": "8.1.0",
          "bundled": true,
          "requires": {
            "busboy": "^0.3.1",
            "fs-capacitor": "^2.0.4",
            "http-errors": "^1.7.3",
            "object-path": "^0.11.4"
          }
        },
        "has": {
          "version": "1.0.3",
          "bundled": true,
          "requires": {
            "function-bind": "^1.1.1"
          }
        },
        "has-symbols": {
          "version": "1.0.1",
          "bundled": true
        },
        "http-errors": {
          "version": "1.8.0",
          "bundled": true,
          "requires": {
            "depd": "~1.1.2",
            "inherits": "2.0.4",
            "setprototypeof": "1.2.0",
            "statuses": ">= 1.5.0 < 2",
            "toidentifier": "1.0.0"
          }
        },
        "iconv-lite": {
          "version": "0.4.24",
          "bundled": true,
          "requires": {
            "safer-buffer": ">= 2.1.2 < 3"
          }
        },
        "inherits": {
          "version": "2.0.4",
          "bundled": true
        },
        "ipaddr.js": {
          "version": "1.9.1",
          "bundled": true
        },
        "is-callable": {
          "version": "1.2.2",
          "bundled": true
        },
        "is-date-object": {
          "version": "1.0.2",
          "bundled": true
        },
        "is-negative-zero": {
          "version": "2.0.1",
          "bundled": true
        },
        "is-regex": {
          "version": "1.1.1",
          "bundled": true,
          "requires": {
            "has-symbols": "^1.0.1"
          }
        },
        "is-symbol": {
          "version": "1.0.3",
          "bundled": true,
          "requires": {
            "has-symbols": "^1.0.1"
          }
        },
        "iterall": {
          "version": "1.3.0",
          "bundled": true
        },
        "lodash.sortby": {
          "version": "4.7.0",
          "bundled": true
        },
        "loglevel": {
          "version": "1.7.1",
          "bundled": true
        },
        "long": {
          "version": "4.0.0",
          "bundled": true
        },
        "lru-cache": {
          "version": "5.1.1",
          "bundled": true,
          "requires": {
            "yallist": "^3.0.2"
          }
        },
        "media-typer": {
          "version": "0.3.0",
          "bundled": true
        },
        "merge-descriptors": {
          "version": "1.0.1",
          "bundled": true
        },
        "methods": {
          "version": "1.1.2",
          "bundled": true
        },
        "mime": {
          "version": "1.6.0",
          "bundled": true
        },
        "mime-db": {
          "version": "1.44.0",
          "bundled": true
        },
        "mime-types": {
          "version": "2.1.27",
          "bundled": true,
          "requires": {
            "mime-db": "1.44.0"
          }
        },
        "ms": {
          "version": "2.0.0",
          "bundled": true
        },
        "negotiator": {
          "version": "0.6.2",
          "bundled": true
        },
        "node-fetch": {
          "version": "2.6.1",
          "bundled": true
        },
        "object-assign": {
          "version": "4.1.1",
          "bundled": true
        },
        "object-inspect": {
          "version": "1.9.0",
          "bundled": true
        },
        "object-keys": {
          "version": "1.1.1",
          "bundled": true
        },
        "object-path": {
          "version": "0.11.5",
          "bundled": true
        },
        "object.assign": {
          "version": "4.1.2",
          "bundled": true,
          "requires": {
            "call-bind": "^1.0.0",
            "define-properties": "^1.1.3",
            "has-symbols": "^1.0.1",
            "object-keys": "^1.1.1"
          }
        },
        "object.getownpropertydescriptors": {
          "version": "2.1.1",
          "bundled": true,
          "requires": {
            "call-bind": "^1.0.0",
            "define-properties": "^1.1.3",
            "es-abstract": "^1.18.0-next.1"
          },
          "dependencies": {
            "es-abstract": {
              "version": "1.18.0-next.1",
              "bundled": true,
              "requires": {
                "es-to-primitive": "^1.2.1",
                "function-bind": "^1.1.1",
                "has": "^1.0.3",
                "has-symbols": "^1.0.1",
                "is-callable": "^1.2.2",
                "is-negative-zero": "^2.0.0",
                "is-regex": "^1.1.1",
                "object-inspect": "^1.8.0",
                "object-keys": "^1.1.1",
                "object.assign": "^4.1.1",
                "string.prototype.trimend": "^1.0.1",
                "string.prototype.trimstart": "^1.0.1"
              }
            }
          }
        },
        "on-finished": {
          "version": "2.3.0",
          "bundled": true,
          "requires": {
            "ee-first": "1.1.1"
          }
        },
        "parseurl": {
          "version": "1.3.3",
          "bundled": true
        },
        "path-to-regexp": {
          "version": "0.1.7",
          "bundled": true
        },
        "proxy-addr": {
          "version": "2.0.6",
          "bundled": true,
          "requires": {
            "forwarded": "~0.1.2",
            "ipaddr.js": "1.9.1"
          }
        },
        "qs": {
          "version": "6.7.0",
          "bundled": true
        },
        "range-parser": {
          "version": "1.2.1",
          "bundled": true
        },
        "raw-body": {
          "version": "2.4.0",
          "bundled": true,
          "requires": {
            "bytes": "3.1.0",
            "http-errors": "1.7.2",
            "iconv-lite": "0.4.24",
            "unpipe": "1.0.0"
          },
          "dependencies": {
            "http-errors": {
              "version": "1.7.2",
              "bundled": true,
              "requires": {
                "depd": "~1.1.2",
                "inherits": "2.0.3",
                "setprototypeof": "1.1.1",
                "statuses": ">= 1.5.0 < 2",
                "toidentifier": "1.0.0"
              }
            },
            "inherits": {
              "version": "2.0.3",
              "bundled": true
            },
            "setprototypeof": {
              "version": "1.1.1",
              "bundled": true
            }
          }
        },
        "retry": {
          "version": "0.12.0",
          "bundled": true
        },
        "safe-buffer": {
          "version": "5.2.1",
          "bundled": true
        },
        "safer-buffer": {
          "version": "2.1.2",
          "bundled": true
        },
        "send": {
          "version": "0.17.1",
          "bundled": true,
          "requires": {
            "debug": "2.6.9",
            "depd": "~1.1.2",
            "destroy": "~1.0.4",
            "encodeurl": "~1.0.2",
            "escape-html": "~1.0.3",
            "etag": "~1.8.1",
            "fresh": "0.5.2",
            "http-errors": "~1.7.2",
            "mime": "1.6.0",
            "ms": "2.1.1",
            "on-finished": "~2.3.0",
            "range-parser": "~1.2.1",
            "statuses": "~1.5.0"
          },
          "dependencies": {
            "http-errors": {
              "version": "1.7.3",
              "bundled": true,
              "requires": {
                "depd": "~1.1.2",
                "inherits": "2.0.4",
                "setprototypeof": "1.1.1",
                "statuses": ">= 1.5.0 < 2",
                "toidentifier": "1.0.0"
              }
            },
            "ms": {
              "version": "2.1.1",
              "bundled": true
            },
            "setprototypeof": {
              "version": "1.1.1",
              "bundled": true
            }
          }
        },
        "serve-static": {
          "version": "1.14.1",
          "bundled": true,
          "requires": {
            "encodeurl": "~1.0.2",
            "escape-html": "~1.0.3",
            "parseurl": "~1.3.3",
            "send": "0.17.1"
          }
        },
        "setprototypeof": {
          "version": "1.2.0",
          "bundled": true
        },
        "sha.js": {
          "version": "2.4.11",
          "bundled": true,
          "requires": {
            "inherits": "^2.0.1",
            "safe-buffer": "^5.0.1"
          }
        },
        "statuses": {
          "version": "1.5.0",
          "bundled": true
        },
        "streamsearch": {
          "version": "0.1.2",
          "bundled": true
        },
        "string.prototype.trimend": {
          "version": "1.0.3",
          "bundled": true,
          "requires": {
            "call-bind": "^1.0.0",
            "define-properties": "^1.1.3"
          }
        },
        "string.prototype.trimstart": {
          "version": "1.0.3",
          "bundled": true,
          "requires": {
            "call-bind": "^1.0.0",
            "define-properties": "^1.1.3"
          }
        },
        "subscriptions-transport-ws": {
          "version": "0.9.18",
          "bundled": true,
          "requires": {
            "backo2": "^1.0.2",
            "eventemitter3": "^3.1.0",
            "iterall": "^1.2.1",
            "symbol-observable": "^1.0.4",
            "ws": "^5.2.0"
          },
          "dependencies": {
            "ws": {
              "version": "5.2.2",
              "bundled": true,
              "requires": {
                "async-limiter": "~1.0.0"
              }
            }
          }
        },
        "symbol-observable": {
          "version": "1.2.0",
          "bundled": true
        },
        "toidentifier": {
          "version": "1.0.0",
          "bundled": true
        },
        "ts-invariant": {
          "version": "0.4.4",
          "bundled": true,
          "requires": {
            "tslib": "^1.9.3"
          }
        },
        "tslib": {
          "version": "1.14.1",
          "bundled": true
        },
        "type-is": {
          "version": "1.6.18",
          "bundled": true,
          "requires": {
            "media-typer": "0.3.0",
            "mime-types": "~2.1.24"
          }
        },
        "unpipe": {
          "version": "1.0.0",
          "bundled": true
        },
        "util.promisify": {
          "version": "1.0.1",
          "bundled": true,
          "requires": {
            "define-properties": "^1.1.3",
            "es-abstract": "^1.17.2",
            "has-symbols": "^1.0.1",
            "object.getownpropertydescriptors": "^2.1.0"
          }
        },
        "utils-merge": {
          "version": "1.0.1",
          "bundled": true
        },
        "uuid": {
          "version": "8.3.2",
          "bundled": true
        },
        "vary": {
          "version": "1.1.2",
          "bundled": true
        },
        "ws": {
          "version": "6.2.1",
          "bundled": true,
          "requires": {
            "async-limiter": "~1.0.0"
          }
        },
        "xss": {
          "version": "1.0.8",
          "bundled": true,
          "requires": {
            "commander": "^2.20.3",
            "cssfilter": "0.0.10"
          }
        },
        "yallist": {
          "version": "3.1.1",
          "bundled": true
        },
        "zen-observable": {
          "version": "0.8.15",
          "bundled": true
        },
        "zen-observable-ts": {
          "version": "0.8.21",
          "bundled": true,
          "requires": {
            "tslib": "^1.9.3",
            "zen-observable": "^0.8.0"
          }
        }
      }
    },
    "graphql": {
      "version": "14.6.0",
      "requires": {
        "iterall": "^1.2.2"
      },
      "dependencies": {
        "iterall": {
          "version": "1.3.0",
          "bundled": true
        }
      }
    },
    "graphql-tag": {
      "version": "2.10.3"
    },
    "jsonwebtoken": {
      "version": "8.5.1",
      "requires": {
        "jws": "^3.2.2",
        "lodash.includes": "^4.3.0",
        "lodash.isboolean": "^3.0.3",
        "lodash.isinteger": "^4.0.4",
        "lodash.isnumber": "^3.0.3",
        "lodash.isplainobject": "^4.0.6",
        "lodash.isstring": "^4.0.1",
        "lodash.once": "^4.0.0",
        "ms": "^2.1.1",
        "semver": "^5.6.0"
      },
      "dependencies": {
        "buffer-equal-constant-time": {
          "version": "1.0.1",
          "bundled": true
        },
        "ecdsa-sig-formatter": {
          "version": "1.0.11",
          "bundled": true,
          "requires": {
            "safe-buffer": "^5.0.1"
          }
        },
        "jwa": {
          "version": "1.4.1",
          "bundled": true,
          "requires": {
            "buffer-equal-constant-time": "1.0.1",
            "ecdsa-sig-formatter": "1.0.11",
            "safe-buffer": "^5.0.1"
          }
        },
        "jws": {
          "version": "3.2.2",
          "bundled": true,
          "requires": {
            "jwa": "^1.4.1",
            "safe-buffer": "^5.0.1"
          }
        },
        "lodash.includes": {
          "version": "4.3.0",
          "bundled": true
        },
        "lodash.isboolean": {
          "version": "3.0.3",
          "bundled": true
        },
        "lodash.isinteger": {
          "version": "4.0.4",
          "bundled": true
        },
        "lodash.isnumber": {
          "version": "3.0.3",
          "bundled": true
        },
        "lodash.isplainobject": {
          "version": "4.0.6",
          "bundled": true
        },
        "lodash.isstring": {
          "version": "4.0.1",
          "bundled": true
        },
        "lodash.once": {
          "version": "4.1.1",
          "bundled": true
        },
        "ms": {
          "version": "2.1.3",
          "bundled": true
        },
        "safe-buffer": {
          "version": "5.2.1",
          "bundled": true
        },
        "semver": {
          "version": "5.7.1",
          "bundled": true
        }
      }
    },
    "node-fetch": {
      "version": "2.6.0"
    }
  }
}
